// !$*UTF8*$!
{
	archiveVersion = 1;
	classes = {
	};
	objectVersion = 55;
	objects = {

/* Begin PBXBuildFile section */
		7C02CBA028A14C07003714BD /* CoursesViewController.swift in Sources */ = {isa = PBXBuildFile; fileRef = 7C02CB9F28A14C07003714BD /* CoursesViewController.swift */; };
		7C02CBA228A14DE3003714BD /* Section.swift in Sources */ = {isa = PBXBuildFile; fileRef = 7C02CBA128A14DE3003714BD /* Section.swift */; };
		7C242DFF28A3A8B300D19E7D /* SectionTableViewCell.swift in Sources */ = {isa = PBXBuildFile; fileRef = 7C242DFE28A3A8B300D19E7D /* SectionTableViewCell.swift */; };
		7C2D965F28A651AC005D7177 /* TopicsTableViewCell.swift in Sources */ = {isa = PBXBuildFile; fileRef = 7C2D965E28A651AB005D7177 /* TopicsTableViewCell.swift */; };
		7C2D966128A652A7005D7177 /* Topic.swift in Sources */ = {isa = PBXBuildFile; fileRef = 7C2D966028A652A7005D7177 /* Topic.swift */; };
		7C2F024A28A4DECC00B49025 /* CustomTabBarViewController.swift in Sources */ = {isa = PBXBuildFile; fileRef = 7C2F024928A4DECC00B49025 /* CustomTabBarViewController.swift */; };
		7C450E242896BB560006477C /* CustomBlurView.swift in Sources */ = {isa = PBXBuildFile; fileRef = 7C450E202896BB550006477C /* CustomBlurView.swift */; };
		7C450E252896BB560006477C /* CustomUIView.swift in Sources */ = {isa = PBXBuildFile; fileRef = 7C450E212896BB550006477C /* CustomUIView.swift */; };
		7C450E262896BB560006477C /* Font.swift in Sources */ = {isa = PBXBuildFile; fileRef = 7C450E222896BB550006477C /* Font.swift */; };
		7C450E272896BB560006477C /* CustomImageView.swift in Sources */ = {isa = PBXBuildFile; fileRef = 7C450E232896BB550006477C /* CustomImageView.swift */; };
		7C95854128A5247800CCD981 /* SectionsCollectionViewCell.swift in Sources */ = {isa = PBXBuildFile; fileRef = 7C95854028A5247800CCD981 /* SectionsCollectionViewCell.swift */; };
		7C95854328A5253B00CCD981 /* ExploreViewController.swift in Sources */ = {isa = PBXBuildFile; fileRef = 7C95854228A5253B00CCD981 /* ExploreViewController.swift */; };
		7CA3CB5E28941F36005AC467 /* AppDelegate.swift in Sources */ = {isa = PBXBuildFile; fileRef = 7CA3CB5D28941F36005AC467 /* AppDelegate.swift */; };
		7CA3CB6028941F36005AC467 /* SceneDelegate.swift in Sources */ = {isa = PBXBuildFile; fileRef = 7CA3CB5F28941F36005AC467 /* SceneDelegate.swift */; };
		7CA3CB6228941F36005AC467 /* FeaturedViewController.swift in Sources */ = {isa = PBXBuildFile; fileRef = 7CA3CB6128941F36005AC467 /* FeaturedViewController.swift */; };
		7CA3CB6528941F36005AC467 /* Main.storyboard in Resources */ = {isa = PBXBuildFile; fileRef = 7CA3CB6328941F36005AC467 /* Main.storyboard */; };
		7CA3CB6728941F41005AC467 /* Assets.xcassets in Resources */ = {isa = PBXBuildFile; fileRef = 7CA3CB6628941F41005AC467 /* Assets.xcassets */; };
		7CA3CB6A28941F41005AC467 /* LaunchScreen.storyboard in Resources */ = {isa = PBXBuildFile; fileRef = 7CA3CB6828941F41005AC467 /* LaunchScreen.storyboard */; };
		7CC363B22898FE430098612A /* Course.swift in Sources */ = {isa = PBXBuildFile; fileRef = 7CC363B12898FE430098612A /* Course.swift */; };
		7CCC45D62897FE090014BD23 /* HandbookCollectionViewCell.swift in Sources */ = {isa = PBXBuildFile; fileRef = 7CCC45D52897FE090014BD23 /* HandbookCollectionViewCell.swift */; };
		7CDFFDC428A0D8D9005F4E32 /* CoursesTableViewCell.swift in Sources */ = {isa = PBXBuildFile; fileRef = 7CDFFDC328A0D8D9005F4E32 /* CoursesTableViewCell.swift */; };
/* End PBXBuildFile section */

/* Begin PBXFileReference section */
		7C02CB9F28A14C07003714BD /* CoursesViewController.swift */ = {isa = PBXFileReference; lastKnownFileType = sourcecode.swift; path = CoursesViewController.swift; sourceTree = "<group>"; };
		7C02CBA128A14DE3003714BD /* Section.swift */ = {isa = PBXFileReference; lastKnownFileType = sourcecode.swift; path = Section.swift; sourceTree = "<group>"; };
		7C242DFE28A3A8B300D19E7D /* SectionTableViewCell.swift */ = {isa = PBXFileReference; lastKnownFileType = sourcecode.swift; path = SectionTableViewCell.swift; sourceTree = "<group>"; };
		7C2D965E28A651AB005D7177 /* TopicsTableViewCell.swift */ = {isa = PBXFileReference; lastKnownFileType = sourcecode.swift; path = TopicsTableViewCell.swift; sourceTree = "<group>"; };
		7C2D966028A652A7005D7177 /* Topic.swift */ = {isa = PBXFileReference; lastKnownFileType = sourcecode.swift; path = Topic.swift; sourceTree = "<group>"; };
		7C2F024928A4DECC00B49025 /* CustomTabBarViewController.swift */ = {isa = PBXFileReference; lastKnownFileType = sourcecode.swift; path = CustomTabBarViewController.swift; sourceTree = "<group>"; };
		7C450E1E2896B1090006477C /* MyPlayground.playground */ = {isa = PBXFileReference; lastKnownFileType = file.playground; path = MyPlayground.playground; sourceTree = "<group>"; xcLanguageSpecificationIdentifier = xcode.lang.swift; };
		7C450E202896BB550006477C /* CustomBlurView.swift */ = {isa = PBXFileReference; fileEncoding = 4; lastKnownFileType = sourcecode.swift; path = CustomBlurView.swift; sourceTree = "<group>"; };
		7C450E212896BB550006477C /* CustomUIView.swift */ = {isa = PBXFileReference; fileEncoding = 4; lastKnownFileType = sourcecode.swift; path = CustomUIView.swift; sourceTree = "<group>"; };
		7C450E222896BB550006477C /* Font.swift */ = {isa = PBXFileReference; fileEncoding = 4; lastKnownFileType = sourcecode.swift; path = Font.swift; sourceTree = "<group>"; };
		7C450E232896BB550006477C /* CustomImageView.swift */ = {isa = PBXFileReference; fileEncoding = 4; lastKnownFileType = sourcecode.swift; path = CustomImageView.swift; sourceTree = "<group>"; };
		7C95854028A5247800CCD981 /* SectionsCollectionViewCell.swift */ = {isa = PBXFileReference; lastKnownFileType = sourcecode.swift; path = SectionsCollectionViewCell.swift; sourceTree = "<group>"; };
		7C95854228A5253B00CCD981 /* ExploreViewController.swift */ = {isa = PBXFileReference; lastKnownFileType = sourcecode.swift; path = ExploreViewController.swift; sourceTree = "<group>"; };
		7CA3CB5A28941F36005AC467 /* UpSkills.app */ = {isa = PBXFileReference; explicitFileType = wrapper.application; includeInIndex = 0; path = UpSkills.app; sourceTree = BUILT_PRODUCTS_DIR; };
		7CA3CB5D28941F36005AC467 /* AppDelegate.swift */ = {isa = PBXFileReference; lastKnownFileType = sourcecode.swift; path = AppDelegate.swift; sourceTree = "<group>"; };
		7CA3CB5F28941F36005AC467 /* SceneDelegate.swift */ = {isa = PBXFileReference; lastKnownFileType = sourcecode.swift; path = SceneDelegate.swift; sourceTree = "<group>"; };
		7CA3CB6128941F36005AC467 /* FeaturedViewController.swift */ = {isa = PBXFileReference; lastKnownFileType = sourcecode.swift; path = FeaturedViewController.swift; sourceTree = "<group>"; };
		7CA3CB6428941F36005AC467 /* Base */ = {isa = PBXFileReference; lastKnownFileType = file.storyboard; name = Base; path = Base.lproj/Main.storyboard; sourceTree = "<group>"; };
		7CA3CB6628941F41005AC467 /* Assets.xcassets */ = {isa = PBXFileReference; lastKnownFileType = folder.assetcatalog; path = Assets.xcassets; sourceTree = "<group>"; };
		7CA3CB6928941F41005AC467 /* Base */ = {isa = PBXFileReference; lastKnownFileType = file.storyboard; name = Base; path = Base.lproj/LaunchScreen.storyboard; sourceTree = "<group>"; };
		7CA3CB6B28941F41005AC467 /* Info.plist */ = {isa = PBXFileReference; lastKnownFileType = text.plist.xml; path = Info.plist; sourceTree = "<group>"; };
		7CC363B12898FE430098612A /* Course.swift */ = {isa = PBXFileReference; lastKnownFileType = sourcecode.swift; path = Course.swift; sourceTree = "<group>"; };
		7CCC45D52897FE090014BD23 /* HandbookCollectionViewCell.swift */ = {isa = PBXFileReference; lastKnownFileType = sourcecode.swift; path = HandbookCollectionViewCell.swift; sourceTree = "<group>"; };
		7CDFFDC328A0D8D9005F4E32 /* CoursesTableViewCell.swift */ = {isa = PBXFileReference; lastKnownFileType = sourcecode.swift; path = CoursesTableViewCell.swift; sourceTree = "<group>"; };
/* End PBXFileReference section */

/* Begin PBXFrameworksBuildPhase section */
		7CA3CB5728941F36005AC467 /* Frameworks */ = {
			isa = PBXFrameworksBuildPhase;
			buildActionMask = 2147483647;
			files = (
			);
			runOnlyForDeploymentPostprocessing = 0;
		};
/* End PBXFrameworksBuildPhase section */

/* Begin PBXGroup section */
		7C450E1F2896BB550006477C /* Helpers */ = {
			isa = PBXGroup;
			children = (
				7C450E202896BB550006477C /* CustomBlurView.swift */,
				7C450E212896BB550006477C /* CustomUIView.swift */,
				7C450E222896BB550006477C /* Font.swift */,
				7C450E232896BB550006477C /* CustomImageView.swift */,
				7C2F024928A4DECC00B49025 /* CustomTabBarViewController.swift */,
			);
			path = Helpers;
			sourceTree = "<group>";
		};
		7CA3CB5128941F36005AC467 = {
			isa = PBXGroup;
			children = (
				7CA3CB5C28941F36005AC467 /* UpSkills */,
				7CA3CB5B28941F36005AC467 /* Products */,
			);
			sourceTree = "<group>";
		};
		7CA3CB5B28941F36005AC467 /* Products */ = {
			isa = PBXGroup;
			children = (
				7CA3CB5A28941F36005AC467 /* UpSkills.app */,
			);
			name = Products;
			sourceTree = "<group>";
		};
		7CA3CB5C28941F36005AC467 /* UpSkills */ = {
			isa = PBXGroup;
			children = (
				7C450E1F2896BB550006477C /* Helpers */,
				7CA3CB5D28941F36005AC467 /* AppDelegate.swift */,
				7CA3CB5F28941F36005AC467 /* SceneDelegate.swift */,
				7CC363B52899025A0098612A /* Classes */,
				7CC363B42899024A0098612A /* Cells */,
				7CC363B3289902330098612A /* View Controllers */,
				7CA3CB6328941F36005AC467 /* Main.storyboard */,
				7C450E1E2896B1090006477C /* MyPlayground.playground */,
				7CA3CB6628941F41005AC467 /* Assets.xcassets */,
				7CA3CB6828941F41005AC467 /* LaunchScreen.storyboard */,
				7CA3CB6B28941F41005AC467 /* Info.plist */,
			);
			path = UpSkills;
			sourceTree = "<group>";
		};
		7CC363B3289902330098612A /* View Controllers */ = {
			isa = PBXGroup;
			children = (
				7CA3CB6128941F36005AC467 /* FeaturedViewController.swift */,
				7C02CB9F28A14C07003714BD /* CoursesViewController.swift */,
				7C95854228A5253B00CCD981 /* ExploreViewController.swift */,
			);
			path = "View Controllers";
			sourceTree = "<group>";
		};
		7CC363B42899024A0098612A /* Cells */ = {
			isa = PBXGroup;
			children = (
				7CCC45D52897FE090014BD23 /* HandbookCollectionViewCell.swift */,
				7CDFFDC328A0D8D9005F4E32 /* CoursesTableViewCell.swift */,
				7C242DFE28A3A8B300D19E7D /* SectionTableViewCell.swift */,
				7C95854028A5247800CCD981 /* SectionsCollectionViewCell.swift */,
				7C2D965E28A651AB005D7177 /* TopicsTableViewCell.swift */,
			);
			path = Cells;
			sourceTree = "<group>";
		};
		7CC363B52899025A0098612A /* Classes */ = {
			isa = PBXGroup;
			children = (
				7CC363B12898FE430098612A /* Course.swift */,
				7C02CBA128A14DE3003714BD /* Section.swift */,
				7C2D966028A652A7005D7177 /* Topic.swift */,
			);
			path = Classes;
			sourceTree = "<group>";
		};
/* End PBXGroup section */

/* Begin PBXNativeTarget section */
		7CA3CB5928941F36005AC467 /* UpSkills */ = {
			isa = PBXNativeTarget;
			buildConfigurationList = 7CA3CB6E28941F41005AC467 /* Build configuration list for PBXNativeTarget "UpSkills" */;
			buildPhases = (
				7C90DECD2897B3080017EDA3 /* Swiftlint */,
				7CA3CB5628941F36005AC467 /* Sources */,
				7CA3CB5728941F36005AC467 /* Frameworks */,
				7CA3CB5828941F36005AC467 /* Resources */,
			);
			buildRules = (
			);
			dependencies = (
			);
			name = UpSkills;
			productName = UpSkills;
			productReference = 7CA3CB5A28941F36005AC467 /* UpSkills.app */;
			productType = "com.apple.product-type.application";
		};
/* End PBXNativeTarget section */

/* Begin PBXProject section */
		7CA3CB5228941F36005AC467 /* Project object */ = {
			isa = PBXProject;
			attributes = {
				BuildIndependentTargetsInParallel = 1;
				LastSwiftUpdateCheck = 1340;
				LastUpgradeCheck = 1340;
				TargetAttributes = {
					7CA3CB5928941F36005AC467 = {
						CreatedOnToolsVersion = 13.4.1;
					};
				};
			};
			buildConfigurationList = 7CA3CB5528941F36005AC467 /* Build configuration list for PBXProject "UpSkills" */;
			compatibilityVersion = "Xcode 13.0";
			developmentRegion = en;
			hasScannedForEncodings = 0;
			knownRegions = (
				en,
				Base,
			);
			mainGroup = 7CA3CB5128941F36005AC467;
			productRefGroup = 7CA3CB5B28941F36005AC467 /* Products */;
			projectDirPath = "";
			projectRoot = "";
			targets = (
				7CA3CB5928941F36005AC467 /* UpSkills */,
			);
		};
/* End PBXProject section */

/* Begin PBXResourcesBuildPhase section */
		7CA3CB5828941F36005AC467 /* Resources */ = {
			isa = PBXResourcesBuildPhase;
			buildActionMask = 2147483647;
			files = (
				7CA3CB6A28941F41005AC467 /* LaunchScreen.storyboard in Resources */,
				7CA3CB6728941F41005AC467 /* Assets.xcassets in Resources */,
				7CA3CB6528941F36005AC467 /* Main.storyboard in Resources */,
			);
			runOnlyForDeploymentPostprocessing = 0;
		};
/* End PBXResourcesBuildPhase section */

/* Begin PBXShellScriptBuildPhase section */
		7C90DECD2897B3080017EDA3 /* Swiftlint */ = {
			isa = PBXShellScriptBuildPhase;
			buildActionMask = 2147483647;
			files = (
			);
			inputFileListPaths = (
			);
			inputPaths = (
			);
			name = Swiftlint;
			outputFileListPaths = (
			);
			outputPaths = (
			);
			runOnlyForDeploymentPostprocessing = 0;
			shellPath = /bin/sh;
			shellScript = "if which swiftlint >/dev/null; then\nswiftlint\nelse\necho \"warning: SwiftLint not installed, download from https://github.com/realm/SwiftLint\"\nfi\n";
		};
/* End PBXShellScriptBuildPhase section */

/* Begin PBXSourcesBuildPhase section */
		7CA3CB5628941F36005AC467 /* Sources */ = {
			isa = PBXSourcesBuildPhase;
			buildActionMask = 2147483647;
			files = (
				7CC363B22898FE430098612A /* Course.swift in Sources */,
				7C2D966128A652A7005D7177 /* Topic.swift in Sources */,
				7C95854128A5247800CCD981 /* SectionsCollectionViewCell.swift in Sources */,
				7CCC45D62897FE090014BD23 /* HandbookCollectionViewCell.swift in Sources */,
				7C02CBA028A14C07003714BD /* CoursesViewController.swift in Sources */,
				7C242DFF28A3A8B300D19E7D /* SectionTableViewCell.swift in Sources */,
				7C2F024A28A4DECC00B49025 /* CustomTabBarViewController.swift in Sources */,
				7C2D965F28A651AC005D7177 /* TopicsTableViewCell.swift in Sources */,
				7C95854328A5253B00CCD981 /* ExploreViewController.swift in Sources */,
				7CA3CB6228941F36005AC467 /* FeaturedViewController.swift in Sources */,
				7C450E252896BB560006477C /* CustomUIView.swift in Sources */,
				7C450E262896BB560006477C /* Font.swift in Sources */,
				7C450E272896BB560006477C /* CustomImageView.swift in Sources */,
				7CA3CB5E28941F36005AC467 /* AppDelegate.swift in Sources */,
				7C450E242896BB560006477C /* CustomBlurView.swift in Sources */,
				7C02CBA228A14DE3003714BD /* Section.swift in Sources */,
				7CDFFDC428A0D8D9005F4E32 /* CoursesTableViewCell.swift in Sources */,
				7CA3CB6028941F36005AC467 /* SceneDelegate.swift in Sources */,
			);
			runOnlyForDeploymentPostprocessing = 0;
		};
/* End PBXSourcesBuildPhase section */

/* Begin PBXVariantGroup section */
		7CA3CB6328941F36005AC467 /* Main.storyboard */ = {
			isa = PBXVariantGroup;
			children = (
				7CA3CB6428941F36005AC467 /* Base */,
			);
			name = Main.storyboard;
			sourceTree = "<group>";
		};
		7CA3CB6828941F41005AC467 /* LaunchScreen.storyboard */ = {
			isa = PBXVariantGroup;
			children = (
				7CA3CB6928941F41005AC467 /* Base */,
			);
			name = LaunchScreen.storyboard;
			sourceTree = "<group>";
		};
/* End PBXVariantGroup section */

/* Begin XCBuildConfiguration section */
		7CA3CB6C28941F41005AC467 /* Debug */ = {
			isa = XCBuildConfiguration;
			buildSettings = {
				ALWAYS_SEARCH_USER_PATHS = NO;
				CLANG_ANALYZER_NONNULL = YES;
				CLANG_ANALYZER_NUMBER_OBJECT_CONVERSION = YES_AGGRESSIVE;
				CLANG_CXX_LANGUAGE_STANDARD = "gnu++17";
				CLANG_ENABLE_MODULES = YES;
				CLANG_ENABLE_OBJC_ARC = YES;
				CLANG_ENABLE_OBJC_WEAK = YES;
				CLANG_WARN_BLOCK_CAPTURE_AUTORELEASING = YES;
				CLANG_WARN_BOOL_CONVERSION = YES;
				CLANG_WARN_COMMA = YES;
				CLANG_WARN_CONSTANT_CONVERSION = YES;
				CLANG_WARN_DEPRECATED_OBJC_IMPLEMENTATIONS = YES;
				CLANG_WARN_DIRECT_OBJC_ISA_USAGE = YES_ERROR;
				CLANG_WARN_DOCUMENTATION_COMMENTS = YES;
				CLANG_WARN_EMPTY_BODY = YES;
				CLANG_WARN_ENUM_CONVERSION = YES;
				CLANG_WARN_INFINITE_RECURSION = YES;
				CLANG_WARN_INT_CONVERSION = YES;
				CLANG_WARN_NON_LITERAL_NULL_CONVERSION = YES;
				CLANG_WARN_OBJC_IMPLICIT_RETAIN_SELF = YES;
				CLANG_WARN_OBJC_LITERAL_CONVERSION = YES;
				CLANG_WARN_OBJC_ROOT_CLASS = YES_ERROR;
				CLANG_WARN_QUOTED_INCLUDE_IN_FRAMEWORK_HEADER = YES;
				CLANG_WARN_RANGE_LOOP_ANALYSIS = YES;
				CLANG_WARN_STRICT_PROTOTYPES = YES;
				CLANG_WARN_SUSPICIOUS_MOVE = YES;
				CLANG_WARN_UNGUARDED_AVAILABILITY = YES_AGGRESSIVE;
				CLANG_WARN_UNREACHABLE_CODE = YES;
				CLANG_WARN__DUPLICATE_METHOD_MATCH = YES;
				COPY_PHASE_STRIP = NO;
				DEBUG_INFORMATION_FORMAT = dwarf;
				ENABLE_STRICT_OBJC_MSGSEND = YES;
				ENABLE_TESTABILITY = YES;
				GCC_C_LANGUAGE_STANDARD = gnu11;
				GCC_DYNAMIC_NO_PIC = NO;
				GCC_NO_COMMON_BLOCKS = YES;
				GCC_OPTIMIZATION_LEVEL = 0;
				GCC_PREPROCESSOR_DEFINITIONS = (
					"DEBUG=1",
					"$(inherited)",
				);
				GCC_WARN_64_TO_32_BIT_CONVERSION = YES;
				GCC_WARN_ABOUT_RETURN_TYPE = YES_ERROR;
				GCC_WARN_UNDECLARED_SELECTOR = YES;
				GCC_WARN_UNINITIALIZED_AUTOS = YES_AGGRESSIVE;
				GCC_WARN_UNUSED_FUNCTION = YES;
				GCC_WARN_UNUSED_VARIABLE = YES;
				IPHONEOS_DEPLOYMENT_TARGET = 15.5;
				MTL_ENABLE_DEBUG_INFO = INCLUDE_SOURCE;
				MTL_FAST_MATH = YES;
				ONLY_ACTIVE_ARCH = YES;
				SDKROOT = iphoneos;
				SWIFT_ACTIVE_COMPILATION_CONDITIONS = DEBUG;
				SWIFT_OPTIMIZATION_LEVEL = "-Onone";
			};
			name = Debug;
		};
		7CA3CB6D28941F41005AC467 /* Release */ = {
			isa = XCBuildConfiguration;
			buildSettings = {
				ALWAYS_SEARCH_USER_PATHS = NO;
				CLANG_ANALYZER_NONNULL = YES;
				CLANG_ANALYZER_NUMBER_OBJECT_CONVERSION = YES_AGGRESSIVE;
				CLANG_CXX_LANGUAGE_STANDARD = "gnu++17";
				CLANG_ENABLE_MODULES = YES;
				CLANG_ENABLE_OBJC_ARC = YES;
				CLANG_ENABLE_OBJC_WEAK = YES;
				CLANG_WARN_BLOCK_CAPTURE_AUTORELEASING = YES;
				CLANG_WARN_BOOL_CONVERSION = YES;
				CLANG_WARN_COMMA = YES;
				CLANG_WARN_CONSTANT_CONVERSION = YES;
				CLANG_WARN_DEPRECATED_OBJC_IMPLEMENTATIONS = YES;
				CLANG_WARN_DIRECT_OBJC_ISA_USAGE = YES_ERROR;
				CLANG_WARN_DOCUMENTATION_COMMENTS = YES;
				CLANG_WARN_EMPTY_BODY = YES;
				CLANG_WARN_ENUM_CONVERSION = YES;
				CLANG_WARN_INFINITE_RECURSION = YES;
				CLANG_WARN_INT_CONVERSION = YES;
				CLANG_WARN_NON_LITERAL_NULL_CONVERSION = YES;
				CLANG_WARN_OBJC_IMPLICIT_RETAIN_SELF = YES;
				CLANG_WARN_OBJC_LITERAL_CONVERSION = YES;
				CLANG_WARN_OBJC_ROOT_CLASS = YES_ERROR;
				CLANG_WARN_QUOTED_INCLUDE_IN_FRAMEWORK_HEADER = YES;
				CLANG_WARN_RANGE_LOOP_ANALYSIS = YES;
				CLANG_WARN_STRICT_PROTOTYPES = YES;
				CLANG_WARN_SUSPICIOUS_MOVE = YES;
				CLANG_WARN_UNGUARDED_AVAILABILITY = YES_AGGRESSIVE;
				CLANG_WARN_UNREACHABLE_CODE = YES;
				CLANG_WARN__DUPLICATE_METHOD_MATCH = YES;
				COPY_PHASE_STRIP = NO;
				DEBUG_INFORMATION_FORMAT = "dwarf-with-dsym";
				ENABLE_NS_ASSERTIONS = NO;
				ENABLE_STRICT_OBJC_MSGSEND = YES;
				GCC_C_LANGUAGE_STANDARD = gnu11;
				GCC_NO_COMMON_BLOCKS = YES;
				GCC_WARN_64_TO_32_BIT_CONVERSION = YES;
				GCC_WARN_ABOUT_RETURN_TYPE = YES_ERROR;
				GCC_WARN_UNDECLARED_SELECTOR = YES;
				GCC_WARN_UNINITIALIZED_AUTOS = YES_AGGRESSIVE;
				GCC_WARN_UNUSED_FUNCTION = YES;
				GCC_WARN_UNUSED_VARIABLE = YES;
				IPHONEOS_DEPLOYMENT_TARGET = 15.5;
				MTL_ENABLE_DEBUG_INFO = NO;
				MTL_FAST_MATH = YES;
				SDKROOT = iphoneos;
				SWIFT_COMPILATION_MODE = wholemodule;
				SWIFT_OPTIMIZATION_LEVEL = "-O";
				VALIDATE_PRODUCT = YES;
			};
			name = Release;
		};
		7CA3CB6F28941F41005AC467 /* Debug */ = {
			isa = XCBuildConfiguration;
			buildSettings = {
				ASSETCATALOG_COMPILER_APPICON_NAME = AppIcon;
				ASSETCATALOG_COMPILER_GLOBAL_ACCENT_COLOR_NAME = AccentColor;
				CODE_SIGN_STYLE = Automatic;
				CURRENT_PROJECT_VERSION = 1;
				DEVELOPMENT_TEAM = 7R2DDAH64G;
				GENERATE_INFOPLIST_FILE = YES;
				INFOPLIST_FILE = UpSkills/Info.plist;
				INFOPLIST_KEY_UIApplicationSupportsIndirectInputEvents = YES;
				INFOPLIST_KEY_UILaunchStoryboardName = LaunchScreen;
				INFOPLIST_KEY_UIMainStoryboardFile = Main;
				INFOPLIST_KEY_UISupportedInterfaceOrientations_iPad = "UIInterfaceOrientationPortrait UIInterfaceOrientationPortraitUpsideDown UIInterfaceOrientationLandscapeLeft UIInterfaceOrientationLandscapeRight";
				INFOPLIST_KEY_UISupportedInterfaceOrientations_iPhone = "UIInterfaceOrientationPortrait UIInterfaceOrientationLandscapeLeft UIInterfaceOrientationLandscapeRight";
				LD_RUNPATH_SEARCH_PATHS = (
					"$(inherited)",
					"@executable_path/Frameworks",
				);
				MARKETING_VERSION = 1.0;
				PRODUCT_BUNDLE_IDENTIFIER = alfinindrawan.UpSkills;
				PRODUCT_NAME = "$(TARGET_NAME)";
				SWIFT_EMIT_LOC_STRINGS = YES;
				SWIFT_VERSION = 5.0;
				TARGETED_DEVICE_FAMILY = "1,2";
			};
			name = Debug;
		};
		7CA3CB7028941F41005AC467 /* Release */ = {
			isa = XCBuildConfiguration;
			buildSettings = {
				ASSETCATALOG_COMPILER_APPICON_NAME = AppIcon;
				ASSETCATALOG_COMPILER_GLOBAL_ACCENT_COLOR_NAME = AccentColor;
				CODE_SIGN_STYLE = Automatic;
				CURRENT_PROJECT_VERSION = 1;
				DEVELOPMENT_TEAM = 7R2DDAH64G;
				GENERATE_INFOPLIST_FILE = YES;
				INFOPLIST_FILE = UpSkills/Info.plist;
				INFOPLIST_KEY_UIApplicationSupportsIndirectInputEvents = YES;
				INFOPLIST_KEY_UILaunchStoryboardName = LaunchScreen;
				INFOPLIST_KEY_UIMainStoryboardFile = Main;
				INFOPLIST_KEY_UISupportedInterfaceOrientations_iPad = "UIInterfaceOrientationPortrait UIInterfaceOrientationPortraitUpsideDown UIInterfaceOrientationLandscapeLeft UIInterfaceOrientationLandscapeRight";
				INFOPLIST_KEY_UISupportedInterfaceOrientations_iPhone = "UIInterfaceOrientationPortrait UIInterfaceOrientationLandscapeLeft UIInterfaceOrientationLandscapeRight";
				LD_RUNPATH_SEARCH_PATHS = (
					"$(inherited)",
					"@executable_path/Frameworks",
				);
				MARKETING_VERSION = 1.0;
				PRODUCT_BUNDLE_IDENTIFIER = alfinindrawan.UpSkills;
				PRODUCT_NAME = "$(TARGET_NAME)";
				SWIFT_EMIT_LOC_STRINGS = YES;
				SWIFT_VERSION = 5.0;
				TARGETED_DEVICE_FAMILY = "1,2";
			};
			name = Release;
		};
/* End XCBuildConfiguration section */

/* Begin XCConfigurationList section */
		7CA3CB5528941F36005AC467 /* Build configuration list for PBXProject "UpSkills" */ = {
			isa = XCConfigurationList;
			buildConfigurations = (
				7CA3CB6C28941F41005AC467 /* Debug */,
				7CA3CB6D28941F41005AC467 /* Release */,
			);
			defaultConfigurationIsVisible = 0;
			defaultConfigurationName = Release;
		};
		7CA3CB6E28941F41005AC467 /* Build configuration list for PBXNativeTarget "UpSkills" */ = {
			isa = XCConfigurationList;
			buildConfigurations = (
				7CA3CB6F28941F41005AC467 /* Debug */,
				7CA3CB7028941F41005AC467 /* Release */,
			);
			defaultConfigurationIsVisible = 0;
			defaultConfigurationName = Release;
		};
/* End XCConfigurationList section */
	};
	rootObject = 7CA3CB5228941F36005AC467 /* Project object */;
}
